
Microsoft Visual Studio Solution File, Format Version 12.00
# Visual Studio Version 17
VisualStudioVersion = 17.9.34728.123
MinimumVisualStudioVersion = 10.0.40219.1
Project("{FAE04EC0-301F-11D3-BF4B-00C04F79EFBC}") = "PatientHistoryManagementMicrosevices", "PatientHistoryManagementMicrosevices\PatientHistoryManagementMicrosevices.csproj", "{1D0FBB90-BAD5-4DDC-B7DD-0083F0F7D5DE}"
EndProject
Global
	GlobalSection(SolutionConfigurationPlatforms) = preSolution
		Debug|Any CPU = Debug|Any CPU
		Release|Any CPU = Release|Any CPU
	EndGlobalSection
	GlobalSection(ProjectConfigurationPlatforms) = postSolution
		{1D0FBB90-BAD5-4DDC-B7DD-0083F0F7D5DE}.Debug|Any CPU.ActiveCfg = Debug|Any CPU
		{1D0FBB90-BAD5-4DDC-B7DD-0083F0F7D5DE}.Debug|Any CPU.Build.0 = Debug|Any CPU
		{1D0FBB90-BAD5-4DDC-B7DD-0083F0F7D5DE}.Release|Any CPU.ActiveCfg = Release|Any CPU
		{1D0FBB90-BAD5-4DDC-B7DD-0083F0F7D5DE}.Release|Any CPU.Build.0 = Release|Any CPU
	EndGlobalSection
	GlobalSection(SolutionProperties) = preSolution
		HideSolutionNode = FALSE
	EndGlobalSection
	GlobalSection(ExtensibilityGlobals) = postSolution
		SolutionGuid = {D3E09A13-287A-4E85-90FA-0E63F719E6D5}
	EndGlobalSection
EndGlobal
